
Microsoft Visual Studio Solution File, Format Version 12.00
# Visual Studio Version 16
VisualStudioVersion = 16.0.31702.278
MinimumVisualStudioVersion = 10.0.40219.1
Project("{FAE04EC0-301F-11D3-BF4B-00C04F79EFBC}") = "GunSimulator", "GunSimulator\GunSimulator.csproj", "{77364721-D7F3-4E4D-BFF7-215670367980}"
EndProject
Global
	GlobalSection(SolutionConfigurationPlatforms) = preSolution
		Debug|Any CPU = Debug|Any CPU
		Release|Any CPU = Release|Any CPU
	EndGlobalSection
	GlobalSection(ProjectConfigurationPlatforms) = postSolution
		{77364721-D7F3-4E4D-BFF7-215670367980}.Debug|Any CPU.ActiveCfg = Debug|Any CPU
		{77364721-D7F3-4E4D-BFF7-215670367980}.Debug|Any CPU.Build.0 = Debug|Any CPU
		{77364721-D7F3-4E4D-BFF7-215670367980}.Release|Any CPU.ActiveCfg = Release|Any CPU
		{77364721-D7F3-4E4D-BFF7-215670367980}.Release|Any CPU.Build.0 = Release|Any CPU
	EndGlobalSection
	GlobalSection(SolutionProperties) = preSolution
		HideSolutionNode = FALSE
	EndGlobalSection
	GlobalSection(ExtensibilityGlobals) = postSolution
		SolutionGuid = {2B3ABA99-20AB-458C-8AF2-CF852193BA30}
	EndGlobalSection
EndGlobal
